// !$*UTF8*$!
{
	archiveVersion = 1;
	classes = {
	};
	objectVersion = 56;
	objects = {

/* Begin PBXBuildFile section */
		DE15E934E30E858E6366A13D /* Pods_A_Mates_Demo.framework in Frameworks */ = {isa = PBXBuildFile; fileRef = E41BCE836C845BC53096C63C /* Pods_A_Mates_Demo.framework */; };
		F934E0F22ACEE92900684BF1 /* AppDelegate.swift in Sources */ = {isa = PBXBuildFile; fileRef = F934E0F12ACEE92900684BF1 /* AppDelegate.swift */; };
		F934E0F42ACEE92900684BF1 /* SceneDelegate.swift in Sources */ = {isa = PBXBuildFile; fileRef = F934E0F32ACEE92900684BF1 /* SceneDelegate.swift */; };
		F934E0F62ACEE92900684BF1 /* ViewController.swift in Sources */ = {isa = PBXBuildFile; fileRef = F934E0F52ACEE92900684BF1 /* ViewController.swift */; };
		F934E0F92ACEE92900684BF1 /* Main.storyboard in Resources */ = {isa = PBXBuildFile; fileRef = F934E0F72ACEE92900684BF1 /* Main.storyboard */; };
		F934E0FB2ACEE92A00684BF1 /* Assets.xcassets in Resources */ = {isa = PBXBuildFile; fileRef = F934E0FA2ACEE92A00684BF1 /* Assets.xcassets */; };
		F934E0FE2ACEE92A00684BF1 /* LaunchScreen.storyboard in Resources */ = {isa = PBXBuildFile; fileRef = F934E0FC2ACEE92A00684BF1 /* LaunchScreen.storyboard */; };
/* End PBXBuildFile section */

/* Begin PBXFileReference section */
		70F6F1E632983D7129E35DCA /* Pods-A-Mates-Demo.release.xcconfig */ = {isa = PBXFileReference; includeInIndex = 1; lastKnownFileType = text.xcconfig; name = "Pods-A-Mates-Demo.release.xcconfig"; path = "Target Support Files/Pods-A-Mates-Demo/Pods-A-Mates-Demo.release.xcconfig"; sourceTree = "<group>"; };
		C17CF58A8B130F79DCB2FB7C /* Pods-A-Mates-Demo.debug.xcconfig */ = {isa = PBXFileReference; includeInIndex = 1; lastKnownFileType = text.xcconfig; name = "Pods-A-Mates-Demo.debug.xcconfig"; path = "Target Support Files/Pods-A-Mates-Demo/Pods-A-Mates-Demo.debug.xcconfig"; sourceTree = "<group>"; };
		E41BCE836C845BC53096C63C /* Pods_A_Mates_Demo.framework */ = {isa = PBXFileReference; explicitFileType = wrapper.framework; includeInIndex = 0; path = Pods_A_Mates_Demo.framework; sourceTree = BUILT_PRODUCTS_DIR; };
		F934E0EE2ACEE92900684BF1 /* A-Mates-Demo.app */ = {isa = PBXFileReference; explicitFileType = wrapper.application; includeInIndex = 0; path = "A-Mates-Demo.app"; sourceTree = BUILT_PRODUCTS_DIR; };
		F934E0F12ACEE92900684BF1 /* AppDelegate.swift */ = {isa = PBXFileReference; lastKnownFileType = sourcecode.swift; path = AppDelegate.swift; sourceTree = "<group>"; };
		F934E0F32ACEE92900684BF1 /* SceneDelegate.swift */ = {isa = PBXFileReference; lastKnownFileType = sourcecode.swift; path = SceneDelegate.swift; sourceTree = "<group>"; };
		F934E0F52ACEE92900684BF1 /* ViewController.swift */ = {isa = PBXFileReference; lastKnownFileType = sourcecode.swift; path = ViewController.swift; sourceTree = "<group>"; };
		F934E0F82ACEE92900684BF1 /* Base */ = {isa = PBXFileReference; lastKnownFileType = file.storyboard; name = Base; path = Base.lproj/Main.storyboard; sourceTree = "<group>"; };
		F934E0FA2ACEE92A00684BF1 /* Assets.xcassets */ = {isa = PBXFileReference; lastKnownFileType = folder.assetcatalog; path = Assets.xcassets; sourceTree = "<group>"; };
		F934E0FD2ACEE92A00684BF1 /* Base */ = {isa = PBXFileReference; lastKnownFileType = file.storyboard; name = Base; path = Base.lproj/LaunchScreen.storyboard; sourceTree = "<group>"; };
		F934E0FF2ACEE92A00684BF1 /* Info.plist */ = {isa = PBXFileReference; lastKnownFileType = text.plist.xml; path = Info.plist; sourceTree = "<group>"; };
/* End PBXFileReference section */

/* Begin PBXFrameworksBuildPhase section */
		F934E0EB2ACEE92900684BF1 /* Frameworks */ = {
			isa = PBXFrameworksBuildPhase;
			buildActionMask = 2147483647;
			files = (
				DE15E934E30E858E6366A13D /* Pods_A_Mates_Demo.framework in Frameworks */,
			);
			runOnlyForDeploymentPostprocessing = 0;
		};
/* End PBXFrameworksBuildPhase section */

/* Begin PBXGroup section */
		25B85BD31967C9DC1D70CE10 /* Frameworks */ = {
			isa = PBXGroup;
			children = (
				E41BCE836C845BC53096C63C /* Pods_A_Mates_Demo.framework */,
			);
			name = Frameworks;
			sourceTree = "<group>";
		};
		3623E7096B972A87A048D76F /* Pods */ = {
			isa = PBXGroup;
			children = (
				C17CF58A8B130F79DCB2FB7C /* Pods-A-Mates-Demo.debug.xcconfig */,
				70F6F1E632983D7129E35DCA /* Pods-A-Mates-Demo.release.xcconfig */,
			);
			name = Pods;
			path = Pods;
			sourceTree = "<group>";
		};
		F934E0E52ACEE92900684BF1 = {
			isa = PBXGroup;
			children = (
				F934E0F02ACEE92900684BF1 /* A-Mates-Demo */,
				F934E0EF2ACEE92900684BF1 /* Products */,
				3623E7096B972A87A048D76F /* Pods */,
				25B85BD31967C9DC1D70CE10 /* Frameworks */,
			);
			sourceTree = "<group>";
		};
		F934E0EF2ACEE92900684BF1 /* Products */ = {
			isa = PBXGroup;
			children = (
				F934E0EE2ACEE92900684BF1 /* A-Mates-Demo.app */,
			);
			name = Products;
			sourceTree = "<group>";
		};
		F934E0F02ACEE92900684BF1 /* A-Mates-Demo */ = {
			isa = PBXGroup;
			children = (
				F934E0F12ACEE92900684BF1 /* AppDelegate.swift */,
				F934E0F32ACEE92900684BF1 /* SceneDelegate.swift */,
				F934E0F52ACEE92900684BF1 /* ViewController.swift */,
				F934E0F72ACEE92900684BF1 /* Main.storyboard */,
				F934E0FA2ACEE92A00684BF1 /* Assets.xcassets */,
				F934E0FC2ACEE92A00684BF1 /* LaunchScreen.storyboard */,
				F934E0FF2ACEE92A00684BF1 /* Info.plist */,
			);
			path = "A-Mates-Demo";
			sourceTree = "<group>";
		};
/* End PBXGroup section */

/* Begin PBXNativeTarget section */
		F934E0ED2ACEE92900684BF1 /* A-Mates-Demo */ = {
			isa = PBXNativeTarget;
			buildConfigurationList = F934E1022ACEE92A00684BF1 /* Build configuration list for PBXNativeTarget "A-Mates-Demo" */;
			buildPhases = (
				E99C397FB1C03127C309D98A /* [CP] Check Pods Manifest.lock */,
				F934E0EA2ACEE92900684BF1 /* Sources */,
				F934E0EB2ACEE92900684BF1 /* Frameworks */,
				F934E0EC2ACEE92900684BF1 /* Resources */,
				C67170DA56AC9915B988AB8D /* [CP] Embed Pods Frameworks */,
			);
			buildRules = (
			);
			dependencies = (
			);
			name = "A-Mates-Demo";
			productName = "A-Mates-Demo";
			productReference = F934E0EE2ACEE92900684BF1 /* A-Mates-Demo.app */;
			productType = "com.apple.product-type.application";
		};
/* End PBXNativeTarget section */

/* Begin PBXProject section */
		F934E0E62ACEE92900684BF1 /* Project object */ = {
			isa = PBXProject;
			attributes = {
				BuildIndependentTargetsInParallel = 1;
				LastSwiftUpdateCheck = 1430;
				LastUpgradeCheck = 1430;
				TargetAttributes = {
					F934E0ED2ACEE92900684BF1 = {
						CreatedOnToolsVersion = 14.3.1;
					};
				};
			};
			buildConfigurationList = F934E0E92ACEE92900684BF1 /* Build configuration list for PBXProject "A-Mates-Demo" */;
			compatibilityVersion = "Xcode 14.0";
			developmentRegion = en;
			hasScannedForEncodings = 0;
			knownRegions = (
				en,
				Base,
			);
			mainGroup = F934E0E52ACEE92900684BF1;
			productRefGroup = F934E0EF2ACEE92900684BF1 /* Products */;
			projectDirPath = "";
			projectRoot = "";
			targets = (
				F934E0ED2ACEE92900684BF1 /* A-Mates-Demo */,
			);
		};
/* End PBXProject section */

/* Begin PBXResourcesBuildPhase section */
		F934E0EC2ACEE92900684BF1 /* Resources */ = {
			isa = PBXResourcesBuildPhase;
			buildActionMask = 2147483647;
			files = (
				F934E0FE2ACEE92A00684BF1 /* LaunchScreen.storyboard in Resources */,
				F934E0FB2ACEE92A00684BF1 /* Assets.xcassets in Resources */,
				F934E0F92ACEE92900684BF1 /* Main.storyboard in Resources */,
			);
			runOnlyForDeploymentPostprocessing = 0;
		};
/* End PBXResourcesBuildPhase section */

/* Begin PBXShellScriptBuildPhase section */
		C67170DA56AC9915B988AB8D /* [CP] Embed Pods Frameworks */ = {
			isa = PBXShellScriptBuildPhase;
			buildActionMask = 2147483647;
			files = (
			);
			inputFileListPaths = (
				"${PODS_ROOT}/Target Support Files/Pods-A-Mates-Demo/Pods-A-Mates-Demo-frameworks-${CONFIGURATION}-input-files.xcfilelist",
			);
			name = "[CP] Embed Pods Frameworks";
			outputFileListPaths = (
				"${PODS_ROOT}/Target Support Files/Pods-A-Mates-Demo/Pods-A-Mates-Demo-frameworks-${CONFIGURATION}-output-files.xcfilelist",
			);
			runOnlyForDeploymentPostprocessing = 0;
			shellPath = /bin/sh;
			shellScript = "\"${PODS_ROOT}/Target Support Files/Pods-A-Mates-Demo/Pods-A-Mates-Demo-frameworks.sh\"\n";
			showEnvVarsInLog = 0;
		};
		E99C397FB1C03127C309D98A /* [CP] Check Pods Manifest.lock */ = {
			isa = PBXShellScriptBuildPhase;
			buildActionMask = 2147483647;
			files = (
			);
			inputFileListPaths = (
			);
			inputPaths = (
				"${PODS_PODFILE_DIR_PATH}/Podfile.lock",
				"${PODS_ROOT}/Manifest.lock",
			);
			name = "[CP] Check Pods Manifest.lock";
			outputFileListPaths = (
			);
			outputPaths = (
				"$(DERIVED_FILE_DIR)/Pods-A-Mates-Demo-checkManifestLockResult.txt",
			);
			runOnlyForDeploymentPostprocessing = 0;
			shellPath = /bin/sh;
			shellScript = "diff \"${PODS_PODFILE_DIR_PATH}/Podfile.lock\" \"${PODS_ROOT}/Manifest.lock\" > /dev/null\nif [ $? != 0 ] ; then\n    # print error to STDERR\n    echo \"error: The sandbox is not in sync with the Podfile.lock. Run 'pod install' or update your CocoaPods installation.\" >&2\n    exit 1\nfi\n# This output is used by Xcode 'outputs' to avoid re-running this script phase.\necho \"SUCCESS\" > \"${SCRIPT_OUTPUT_FILE_0}\"\n";
			showEnvVarsInLog = 0;
		};
/* End PBXShellScriptBuildPhase section */

/* Begin PBXSourcesBuildPhase section */
		F934E0EA2ACEE92900684BF1 /* Sources */ = {
			isa = PBXSourcesBuildPhase;
			buildActionMask = 2147483647;
			files = (
				F934E0F62ACEE92900684BF1 /* ViewController.swift in Sources */,
				F934E0F22ACEE92900684BF1 /* AppDelegate.swift in Sources */,
				F934E0F42ACEE92900684BF1 /* SceneDelegate.swift in Sources */,
			);
			runOnlyForDeploymentPostprocessing = 0;
		};
/* End PBXSourcesBuildPhase section */

/* Begin PBXVariantGroup section */
		F934E0F72ACEE92900684BF1 /* Main.storyboard */ = {
			isa = PBXVariantGroup;
			children = (
				F934E0F82ACEE92900684BF1 /* Base */,
			);
			name = Main.storyboard;
			sourceTree = "<group>";
		};
		F934E0FC2ACEE92A00684BF1 /* LaunchScreen.storyboard */ = {
			isa = PBXVariantGroup;
			children = (
				F934E0FD2ACEE92A00684BF1 /* Base */,
			);
			name = LaunchScreen.storyboard;
			sourceTree = "<group>";
		};
/* End PBXVariantGroup section */

/* Begin XCBuildConfiguration section */
		F934E1002ACEE92A00684BF1 /* Debug */ = {
			isa = XCBuildConfiguration;
			buildSettings = {
				ALWAYS_SEARCH_USER_PATHS = NO;
				CLANG_ANALYZER_NONNULL = YES;
				CLANG_ANALYZER_NUMBER_OBJECT_CONVERSION = YES_AGGRESSIVE;
				CLANG_CXX_LANGUAGE_STANDARD = "gnu++20";
				CLANG_ENABLE_MODULES = YES;
				CLANG_ENABLE_OBJC_ARC = YES;
				CLANG_ENABLE_OBJC_WEAK = YES;
				CLANG_WARN_BLOCK_CAPTURE_AUTORELEASING = YES;
				CLANG_WARN_BOOL_CONVERSION = YES;
				CLANG_WARN_COMMA = YES;
				CLANG_WARN_CONSTANT_CONVERSION = YES;
				CLANG_WARN_DEPRECATED_OBJC_IMPLEMENTATIONS = YES;
				CLANG_WARN_DIRECT_OBJC_ISA_USAGE = YES_ERROR;
				CLANG_WARN_DOCUMENTATION_COMMENTS = YES;
				CLANG_WARN_EMPTY_BODY = YES;
				CLANG_WARN_ENUM_CONVERSION = YES;
				CLANG_WARN_INFINITE_RECURSION = YES;
				CLANG_WARN_INT_CONVERSION = YES;
				CLANG_WARN_NON_LITERAL_NULL_CONVERSION = YES;
				CLANG_WARN_OBJC_IMPLICIT_RETAIN_SELF = YES;
				CLANG_WARN_OBJC_LITERAL_CONVERSION = YES;
				CLANG_WARN_OBJC_ROOT_CLASS = YES_ERROR;
				CLANG_WARN_QUOTED_INCLUDE_IN_FRAMEWORK_HEADER = YES;
				CLANG_WARN_RANGE_LOOP_ANALYSIS = YES;
				CLANG_WARN_STRICT_PROTOTYPES = YES;
				CLANG_WARN_SUSPICIOUS_MOVE = YES;
				CLANG_WARN_UNGUARDED_AVAILABILITY = YES_AGGRESSIVE;
				CLANG_WARN_UNREACHABLE_CODE = YES;
				CLANG_WARN__DUPLICATE_METHOD_MATCH = YES;
				COPY_PHASE_STRIP = NO;
				DEBUG_INFORMATION_FORMAT = dwarf;
				ENABLE_STRICT_OBJC_MSGSEND = YES;
				ENABLE_TESTABILITY = YES;
				GCC_C_LANGUAGE_STANDARD = gnu11;
				GCC_DYNAMIC_NO_PIC = NO;
				GCC_NO_COMMON_BLOCKS = YES;
				GCC_OPTIMIZATION_LEVEL = 0;
				GCC_PREPROCESSOR_DEFINITIONS = (
					"DEBUG=1",
					"$(inherited)",
				);
				GCC_WARN_64_TO_32_BIT_CONVERSION = YES;
				GCC_WARN_ABOUT_RETURN_TYPE = YES_ERROR;
				GCC_WARN_UNDECLARED_SELECTOR = YES;
				GCC_WARN_UNINITIALIZED_AUTOS = YES_AGGRESSIVE;
				GCC_WARN_UNUSED_FUNCTION = YES;
				GCC_WARN_UNUSED_VARIABLE = YES;
				IPHONEOS_DEPLOYMENT_TARGET = 16.4;
				MTL_ENABLE_DEBUG_INFO = INCLUDE_SOURCE;
				MTL_FAST_MATH = YES;
				ONLY_ACTIVE_ARCH = YES;
				SDKROOT = iphoneos;
				SWIFT_ACTIVE_COMPILATION_CONDITIONS = DEBUG;
				SWIFT_OPTIMIZATION_LEVEL = "-Onone";
			};
			name = Debug;
		};
		F934E1012ACEE92A00684BF1 /* Release */ = {
			isa = XCBuildConfiguration;
			buildSettings = {
				ALWAYS_SEARCH_USER_PATHS = NO;
				CLANG_ANALYZER_NONNULL = YES;
				CLANG_ANALYZER_NUMBER_OBJECT_CONVERSION = YES_AGGRESSIVE;
				CLANG_CXX_LANGUAGE_STANDARD = "gnu++20";
				CLANG_ENABLE_MODULES = YES;
				CLANG_ENABLE_OBJC_ARC = YES;
				CLANG_ENABLE_OBJC_WEAK = YES;
				CLANG_WARN_BLOCK_CAPTURE_AUTORELEASING = YES;
				CLANG_WARN_BOOL_CONVERSION = YES;
				CLANG_WARN_COMMA = YES;
				CLANG_WARN_CONSTANT_CONVERSION = YES;
				CLANG_WARN_DEPRECATED_OBJC_IMPLEMENTATIONS = YES;
				CLANG_WARN_DIRECT_OBJC_ISA_USAGE = YES_ERROR;
				CLANG_WARN_DOCUMENTATION_COMMENTS = YES;
				CLANG_WARN_EMPTY_BODY = YES;
				CLANG_WARN_ENUM_CONVERSION = YES;
				CLANG_WARN_INFINITE_RECURSION = YES;
				CLANG_WARN_INT_CONVERSION = YES;
				CLANG_WARN_NON_LITERAL_NULL_CONVERSION = YES;
				CLANG_WARN_OBJC_IMPLICIT_RETAIN_SELF = YES;
				CLANG_WARN_OBJC_LITERAL_CONVERSION = YES;
				CLANG_WARN_OBJC_ROOT_CLASS = YES_ERROR;
				CLANG_WARN_QUOTED_INCLUDE_IN_FRAMEWORK_HEADER = YES;
				CLANG_WARN_RANGE_LOOP_ANALYSIS = YES;
				CLANG_WARN_STRICT_PROTOTYPES = YES;
				CLANG_WARN_SUSPICIOUS_MOVE = YES;
				CLANG_WARN_UNGUARDED_AVAILABILITY = YES_AGGRESSIVE;
				CLANG_WARN_UNREACHABLE_CODE = YES;
				CLANG_WARN__DUPLICATE_METHOD_MATCH = YES;
				COPY_PHASE_STRIP = NO;
				DEBUG_INFORMATION_FORMAT = "dwarf-with-dsym";
				ENABLE_NS_ASSERTIONS = NO;
				ENABLE_STRICT_OBJC_MSGSEND = YES;
				GCC_C_LANGUAGE_STANDARD = gnu11;
				GCC_NO_COMMON_BLOCKS = YES;
				GCC_WARN_64_TO_32_BIT_CONVERSION = YES;
				GCC_WARN_ABOUT_RETURN_TYPE = YES_ERROR;
				GCC_WARN_UNDECLARED_SELECTOR = YES;
				GCC_WARN_UNINITIALIZED_AUTOS = YES_AGGRESSIVE;
				GCC_WARN_UNUSED_FUNCTION = YES;
				GCC_WARN_UNUSED_VARIABLE = YES;
				IPHONEOS_DEPLOYMENT_TARGET = 16.4;
				MTL_ENABLE_DEBUG_INFO = NO;
				MTL_FAST_MATH = YES;
				SDKROOT = iphoneos;
				SWIFT_COMPILATION_MODE = wholemodule;
				SWIFT_OPTIMIZATION_LEVEL = "-O";
				VALIDATE_PRODUCT = YES;
			};
			name = Release;
		};
		F934E1032ACEE92A00684BF1 /* Debug */ = {
			isa = XCBuildConfiguration;
			baseConfigurationReference = C17CF58A8B130F79DCB2FB7C /* Pods-A-Mates-Demo.debug.xcconfig */;
			buildSettings = {
				ASSETCATALOG_COMPILER_APPICON_NAME = AppIcon;
				ASSETCATALOG_COMPILER_GLOBAL_ACCENT_COLOR_NAME = AccentColor;
				CODE_SIGN_STYLE = Automatic;
				CURRENT_PROJECT_VERSION = 1;
				GENERATE_INFOPLIST_FILE = YES;
				INFOPLIST_FILE = "A-Mates-Demo/Info.plist";
				INFOPLIST_KEY_UIApplicationSupportsIndirectInputEvents = YES;
				INFOPLIST_KEY_UILaunchStoryboardName = LaunchScreen;
				INFOPLIST_KEY_UIMainStoryboardFile = Main;
				INFOPLIST_KEY_UISupportedInterfaceOrientations_iPad = "UIInterfaceOrientationPortrait UIInterfaceOrientationPortraitUpsideDown UIInterfaceOrientationLandscapeLeft UIInterfaceOrientationLandscapeRight";
				INFOPLIST_KEY_UISupportedInterfaceOrientations_iPhone = "UIInterfaceOrientationPortrait UIInterfaceOrientationLandscapeLeft UIInterfaceOrientationLandscapeRight";
				LD_RUNPATH_SEARCH_PATHS = (
					"$(inherited)",
					"@executable_path/Frameworks",
				);
				MARKETING_VERSION = 1.0;
				PRODUCT_BUNDLE_IDENTIFIER = "Amatescom.A-Mates-Demo";
				PRODUCT_NAME = "$(TARGET_NAME)";
				SWIFT_EMIT_LOC_STRINGS = YES;
				SWIFT_VERSION = 5.0;
				TARGETED_DEVICE_FAMILY = "1,2";
			};
			name = Debug;
		};
		F934E1042ACEE92A00684BF1 /* Release */ = {
			isa = XCBuildConfiguration;
			baseConfigurationReference = 70F6F1E632983D7129E35DCA /* Pods-A-Mates-Demo.release.xcconfig */;
			buildSettings = {
				ASSETCATALOG_COMPILER_APPICON_NAME = AppIcon;
				ASSETCATALOG_COMPILER_GLOBAL_ACCENT_COLOR_NAME = AccentColor;
				CODE_SIGN_STYLE = Automatic;
				CURRENT_PROJECT_VERSION = 1;
				GENERATE_INFOPLIST_FILE = YES;
				INFOPLIST_FILE = "A-Mates-Demo/Info.plist";
				INFOPLIST_KEY_UIApplicationSupportsIndirectInputEvents = YES;
				INFOPLIST_KEY_UILaunchStoryboardName = LaunchScreen;
				INFOPLIST_KEY_UIMainStoryboardFile = Main;
				INFOPLIST_KEY_UISupportedInterfaceOrientations_iPad = "UIInterfaceOrientationPortrait UIInterfaceOrientationPortraitUpsideDown UIInterfaceOrientationLandscapeLeft UIInterfaceOrientationLandscapeRight";
				INFOPLIST_KEY_UISupportedInterfaceOrientations_iPhone = "UIInterfaceOrientationPortrait UIInterfaceOrientationLandscapeLeft UIInterfaceOrientationLandscapeRight";
				LD_RUNPATH_SEARCH_PATHS = (
					"$(inherited)",
					"@executable_path/Frameworks",
				);
				MARKETING_VERSION = 1.0;
				PRODUCT_BUNDLE_IDENTIFIER = "Amatescom.A-Mates-Demo";
				PRODUCT_NAME = "$(TARGET_NAME)";
				SWIFT_EMIT_LOC_STRINGS = YES;
				SWIFT_VERSION = 5.0;
				TARGETED_DEVICE_FAMILY = "1,2";
			};
			name = Release;
		};
/* End XCBuildConfiguration section */

/* Begin XCConfigurationList section */
		F934E0E92ACEE92900684BF1 /* Build configuration list for PBXProject "A-Mates-Demo" */ = {
			isa = XCConfigurationList;
			buildConfigurations = (
				F934E1002ACEE92A00684BF1 /* Debug */,
				F934E1012ACEE92A00684BF1 /* Release */,
			);
			defaultConfigurationIsVisible = 0;
			defaultConfigurationName = Release;
		};
		F934E1022ACEE92A00684BF1 /* Build configuration list for PBXNativeTarget "A-Mates-Demo" */ = {
			isa = XCConfigurationList;
			buildConfigurations = (
				F934E1032ACEE92A00684BF1 /* Debug */,
				F934E1042ACEE92A00684BF1 /* Release */,
			);
			defaultConfigurationIsVisible = 0;
			defaultConfigurationName = Release;
		};
/* End XCConfigurationList section */
	};
	rootObject = F934E0E62ACEE92900684BF1 /* Project object */;
}
